
Microsoft Visual Studio Solution File, Format Version 12.00
# Visual Studio Version 17
VisualStudioVersion = 17.11.35219.272
MinimumVisualStudioVersion = 10.0.40219.1
Project("{FAE04EC0-301F-11D3-BF4B-00C04F79EFBC}") = "TestApp1", "TestApp1.csproj", "{F56A87E7-E1C4-4676-B446-4C815E001D6E}"
EndProject
Global
	GlobalSection(SolutionConfigurationPlatforms) = preSolution
		Debug|Any CPU = Debug|Any CPU
		Release|Any CPU = Release|Any CPU
	EndGlobalSection
	GlobalSection(ProjectConfigurationPlatforms) = postSolution
		{F56A87E7-E1C4-4676-B446-4C815E001D6E}.Debug|Any CPU.ActiveCfg = Debug|Any CPU
		{F56A87E7-E1C4-4676-B446-4C815E001D6E}.Debug|Any CPU.Build.0 = Debug|Any CPU
		{F56A87E7-E1C4-4676-B446-4C815E001D6E}.Release|Any CPU.ActiveCfg = Release|Any CPU
		{F56A87E7-E1C4-4676-B446-4C815E001D6E}.Release|Any CPU.Build.0 = Release|Any CPU
	EndGlobalSection
	GlobalSection(SolutionProperties) = preSolution
		HideSolutionNode = FALSE
	EndGlobalSection
	GlobalSection(ExtensibilityGlobals) = postSolution
		SolutionGuid = {BE0557E9-9160-46D7-A7B5-9EF3449E7719}
	EndGlobalSection
EndGlobal
